# THIS IS AN AUTOGENERATED FILE. DO NOT EDIT THIS FILE DIRECTLY.
# yarn lockfile v1


angular-animate@^1.5.8:
  version "1.8.2"
  resolved "https://registry.yarnpkg.com/angular-animate/-/angular-animate-1.8.2.tgz#a3045e523ffb8d7fcbebd3cb68d1fdd474665ced"
  integrity sha512-Jbr9+grNMs9Kj57xuBU3Ju3NOPAjS1+g2UAwwDv7su1lt0/PLDy+9zEwDiu8C8xJceoTbmBNKiWGPJGBdCQLlA==

angular-aria@^1.5.8:
  version "1.8.2"
  resolved "https://registry.yarnpkg.com/angular-aria/-/angular-aria-1.8.2.tgz#3e5d546e549d8bddcf0b8031c677d3129d82a76d"
  integrity sha512-xWT1Lm+Xug2GM6nGNMioBP4hXt3sj2eGaExa4cVCZUYSVWezgyuD1RiLgzJzwTkBGYplHQUzQaz3yDY8jVI6yQ==

angular-jwt@^0.1.8:
  version "0.1.11"
  resolved "https://registry.yarnpkg.com/angular-jwt/-/angular-jwt-0.1.11.tgz#a72b7583c7cf2f2d7acda169a4114141c83f9c91"
  integrity sha512-793dv5vXOXaW5/cweMd+sqSf9dPhbazDya3szTVOQ84MDEj1nYLJrixBBa7WNtZeMqz7ylWX7djnFgqLjEWcHw==

angular-material@^1.1.1:
  version "1.2.4"
  resolved "https://registry.yarnpkg.com/angular-material/-/angular-material-1.2.4.tgz#c8c4212b8895db205530f58f3b7a0ebccff9a64e"
  integrity sha512-8+gf2uYn6GVIxP+gTE8cUdXYhKdPzKHcvYn5lAz5/aY1L7/90mgaN9mGuj9taSdj7IJnkJDfdBOHCLsqSdBgig==

angular-messages@^1.5.8:
  version "1.8.2"
  resolved "https://registry.yarnpkg.com/angular-messages/-/angular-messages-1.8.2.tgz#47f0cf913030bc2231423ab9388acc14dd931837"
  integrity sha512-M1qNh/30cLJi4yJJ+3YB8saPonRcavz5Dquqz0T/aUySKJhIkUoeCkmF+BcLH4SJ5PBp04yy4CZUUeNRVi7jZA==

angular-storage@^0.0.15:
  version "0.0.15"
  resolved "https://registry.yarnpkg.com/angular-storage/-/angular-storage-0.0.15.tgz#005d64808982848d949725e2b2bf90a1dd27afc1"
  integrity sha1-AF1kgImChI2UlyXisr+Qod0nr8E=

angular-ui-router@^0.3.2:
  version "0.3.2"
  resolved "https://registry.yarnpkg.com/angular-ui-router/-/angular-ui-router-0.3.2.tgz#c27e0496309c99218d5655985b164a096ab520a9"
  integrity sha1-wn4EljCcmSGNVlWYWxZKCWq1IKk=
  dependencies:
    angular "^1.0.8"

angular@^1.0.8, angular@^1.5.8:
  version "1.8.2"
  resolved "https://registry.yarnpkg.com/angular/-/angular-1.8.2.tgz#5983bbb5a9fa63e213cb7749199e0d352de3a2f1"
  integrity sha512-IauMOej2xEe7/7Ennahkbb5qd/HFADiNuLSESz9Q27inmi32zB0lnAsFeLEWcox3Gd1F6YhNd1CP7/9IukJ0Gw==

auth0-angular@^4.2.7:
  version "4.2.7"
  resolved "https://registry.yarnpkg.com/auth0-angular/-/auth0-angular-4.2.7.tgz#63d9ffb809617d10511a50f4270300b80a7fa6d9"
  integrity sha1-Y9n/uAlhfRBRGlD0JwMAuAp/ptk=
